
Microsoft Visual Studio Solution File, Format Version 12.00
# Visual Studio 14
VisualStudioVersion = 14.0.23107.0
MinimumVisualStudioVersion = 10.0.40219.1
Project("{FAE04EC0-301F-11D3-BF4B-00C04F79EFBC}") = "RedCamel.Domain", "RedCamel.Domain\RedCamel.Domain.csproj", "{A0DC0063-8C6D-48D5-B03C-FEE7E24093EC}"
EndProject
Project("{FAE04EC0-301F-11D3-BF4B-00C04F79EFBC}") = "RedCamel.UnitTests", "RedCamel.UnitTests\RedCamel.UnitTests.csproj", "{3CE7BBC5-EDEC-4183-B35A-34D8814391DF}"
EndProject
Project("{FAE04EC0-301F-11D3-BF4B-00C04F79EFBC}") = "RedCamel.WebUI", "RedCamel.WebUI\RedCamel.WebUI.csproj", "{2DF2A868-7ECC-416D-BB4B-12A3E7920967}"
EndProject
Global
	GlobalSection(SolutionConfigurationPlatforms) = preSolution
		Debug|Any CPU = Debug|Any CPU
		Release|Any CPU = Release|Any CPU
	EndGlobalSection
	GlobalSection(ProjectConfigurationPlatforms) = postSolution
		{A0DC0063-8C6D-48D5-B03C-FEE7E24093EC}.Debug|Any CPU.ActiveCfg = Debug|Any CPU
		{A0DC0063-8C6D-48D5-B03C-FEE7E24093EC}.Debug|Any CPU.Build.0 = Debug|Any CPU
		{A0DC0063-8C6D-48D5-B03C-FEE7E24093EC}.Release|Any CPU.ActiveCfg = Release|Any CPU
		{A0DC0063-8C6D-48D5-B03C-FEE7E24093EC}.Release|Any CPU.Build.0 = Release|Any CPU
		{3CE7BBC5-EDEC-4183-B35A-34D8814391DF}.Debug|Any CPU.ActiveCfg = Debug|Any CPU
		{3CE7BBC5-EDEC-4183-B35A-34D8814391DF}.Debug|Any CPU.Build.0 = Debug|Any CPU
		{3CE7BBC5-EDEC-4183-B35A-34D8814391DF}.Release|Any CPU.ActiveCfg = Release|Any CPU
		{3CE7BBC5-EDEC-4183-B35A-34D8814391DF}.Release|Any CPU.Build.0 = Release|Any CPU
		{2DF2A868-7ECC-416D-BB4B-12A3E7920967}.Debug|Any CPU.ActiveCfg = Debug|Any CPU
		{2DF2A868-7ECC-416D-BB4B-12A3E7920967}.Debug|Any CPU.Build.0 = Debug|Any CPU
		{2DF2A868-7ECC-416D-BB4B-12A3E7920967}.Release|Any CPU.ActiveCfg = Release|Any CPU
		{2DF2A868-7ECC-416D-BB4B-12A3E7920967}.Release|Any CPU.Build.0 = Release|Any CPU
	EndGlobalSection
	GlobalSection(SolutionProperties) = preSolution
		HideSolutionNode = FALSE
	EndGlobalSection
EndGlobal
